
Microsoft Visual Studio Solution File, Format Version 12.00
# Visual Studio 14
VisualStudioVersion = 14.0.25420.1
MinimumVisualStudioVersion = 10.0.40219.1
Project("{FAE04EC0-301F-11D3-BF4B-00C04F79EFBC}") = "7.8类的继承01", "7.8类的继承01.csproj", "{C682FA7B-EE11-4EF0-AFF3-EB9BC87ECF5A}"
EndProject
Global
	GlobalSection(SolutionConfigurationPlatforms) = preSolution
		Debug|Any CPU = Debug|Any CPU
		Release|Any CPU = Release|Any CPU
	EndGlobalSection
	GlobalSection(ProjectConfigurationPlatforms) = postSolution
		{C682FA7B-EE11-4EF0-AFF3-EB9BC87ECF5A}.Debug|Any CPU.ActiveCfg = Debug|Any CPU
		{C682FA7B-EE11-4EF0-AFF3-EB9BC87ECF5A}.Debug|Any CPU.Build.0 = Debug|Any CPU
		{C682FA7B-EE11-4EF0-AFF3-EB9BC87ECF5A}.Release|Any CPU.ActiveCfg = Release|Any CPU
		{C682FA7B-EE11-4EF0-AFF3-EB9BC87ECF5A}.Release|Any CPU.Build.0 = Release|Any CPU
	EndGlobalSection
	GlobalSection(SolutionProperties) = preSolution
		HideSolutionNode = FALSE
	EndGlobalSection
EndGlobal
