
Microsoft Visual Studio Solution File, Format Version 12.00
# Visual Studio 14
VisualStudioVersion = 14.0.25420.1
MinimumVisualStudioVersion = 10.0.40219.1
Project("{FAE04EC0-301F-11D3-BF4B-00C04F79EFBC}") = "6.7方法的重载", "6.7方法的重载.csproj", "{DB5C5C59-4BA5-46E5-B4EB-47255DD4532A}"
EndProject
Global
	GlobalSection(SolutionConfigurationPlatforms) = preSolution
		Debug|Any CPU = Debug|Any CPU
		Release|Any CPU = Release|Any CPU
	EndGlobalSection
	GlobalSection(ProjectConfigurationPlatforms) = postSolution
		{DB5C5C59-4BA5-46E5-B4EB-47255DD4532A}.Debug|Any CPU.ActiveCfg = Debug|Any CPU
		{DB5C5C59-4BA5-46E5-B4EB-47255DD4532A}.Debug|Any CPU.Build.0 = Debug|Any CPU
		{DB5C5C59-4BA5-46E5-B4EB-47255DD4532A}.Release|Any CPU.ActiveCfg = Release|Any CPU
		{DB5C5C59-4BA5-46E5-B4EB-47255DD4532A}.Release|Any CPU.Build.0 = Release|Any CPU
	EndGlobalSection
	GlobalSection(SolutionProperties) = preSolution
		HideSolutionNode = FALSE
	EndGlobalSection
EndGlobal
